{
  "version": "5",
  "specifiers": {
    "jsr:@b-fuze/deno-dom@*": "0.1.49",
    "jsr:@std/assert@1.0.11": "1.0.11",
    "jsr:@std/dotenv@0.225.3": "0.225.3",
    "jsr:@std/internal@^1.0.5": "1.0.5",
    "npm:@ai-sdk/google@*": "1.2.12_zod@3.24.3",
    "npm:@ai-sdk/google@1.2.18": "1.2.18_zod@3.24.3",
    "npm:@ai-sdk/openai@*": "1.3.16_zod@3.24.3",
    "npm:@ai-sdk/openai@1.3.22": "1.3.22_zod@3.24.3",
    "npm:@aws-sdk/client-s3@3.787.0": "3.787.0",
    "npm:@supabase/supabase-js@2.49.1": "2.49.1",
    "npm:@types/node@*": "22.12.0",
    "npm:ai@*": "4.3.9_zod@3.24.3",
    "npm:ai@4.3.16": "4.3.16_zod@3.24.3",
    "npm:pocketflow@*": "1.0.4",
    "npm:zod@*": "3.24.3"
  },
  "jsr": {
    "@b-fuze/deno-dom@0.1.49": {
      "integrity": "45c40175fdd1e74ab2d4b54c4fdaabbad6e5b76ee28df12a48e076b3fa7901a9"
    },
    "@std/assert@1.0.11": {
      "integrity": "2461ef3c368fe88bc60e186e7744a93112f16fd110022e113a0849e94d1c83c1",
      "dependencies": [
        "jsr:@std/internal"
      ]
    },
    "@std/dotenv@0.225.3": {
      "integrity": "a95e5b812c27b0854c52acbae215856d9cce9d4bbf774d938c51d212711e8d4a"
    },
    "@std/internal@1.0.5": {
      "integrity": "54a546004f769c1ac9e025abd15a76b6671ddc9687e2313b67376125650dc7ba"
    }
  },
  "npm": {
    "@ai-sdk/google@1.2.12_zod@3.24.3": {
      "integrity": "sha512-A8AYqCmBs9SJFiAOP6AX0YEDHWTDrCaUDiRY2cdMSKjJiEknvwnPrAAKf3idgVqYaM2kS0qWz5v9v4pBzXDx+w==",
      "dependencies": [
        "@ai-sdk/provider",
        "@ai-sdk/provider-utils@2.2.7_zod@3.24.3",
        "zod"
      ]
    },
    "@ai-sdk/google@1.2.18_zod@3.24.3": {
      "integrity": "sha512-8B70+i+uB12Ae6Sn6B9Oc6W0W/XorGgc88Nx0pyUrcxFOdytHBaAVhTPqYsO3LLClfjYN8pQ9GMxd5cpGEnUcA==",
      "dependencies": [
        "@ai-sdk/provider",
        "@ai-sdk/provider-utils@2.2.8_zod@3.24.3",
        "zod"
      ]
    },
    "@ai-sdk/openai@1.3.16_zod@3.24.3": {
      "integrity": "sha512-pjtiBKt1GgaSKZryTbM3tqgoegJwgAUlp1+X5uN6T+VPnI4FLSymV65tyloWzDlyqZmi9HXnnSRPu76VoL5D5g==",
      "dependencies": [
        "@ai-sdk/provider",
        "@ai-sdk/provider-utils@2.2.7_zod@3.24.3",
        "zod"
      ]
    },
    "@ai-sdk/openai@1.3.22_zod@3.24.3": {
      "integrity": "sha512-QwA+2EkG0QyjVR+7h6FE7iOu2ivNqAVMm9UJZkVxxTk5OIq5fFJDTEI/zICEMuHImTTXR2JjsL6EirJ28Jc4cw==",
      "dependencies": [
        "@ai-sdk/provider",
        "@ai-sdk/provider-utils@2.2.8_zod@3.24.3",
        "zod"
      ]
    },
    "@ai-sdk/provider-utils@2.2.7_zod@3.24.3": {
      "integrity": "sha512-kM0xS3GWg3aMChh9zfeM+80vEZfXzR3JEUBdycZLtbRZ2TRT8xOj3WodGHPb06sUK5yD7pAXC/P7ctsi2fvUGQ==",
      "dependencies": [
        "@ai-sdk/provider",
        "nanoid",
        "secure-json-parse",
        "zod"
      ]
    },
    "@ai-sdk/provider-utils@2.2.8_zod@3.24.3": {
      "integrity": "sha512-fqhG+4sCVv8x7nFzYnFo19ryhAa3w096Kmc3hWxMQfW/TubPOmt3A6tYZhl4mUfQWWQMsuSkLrtjlWuXBVSGQA==",
      "dependencies": [
        "@ai-sdk/provider",
        "nanoid",
        "secure-json-parse",
        "zod"
      ]
    },
    "@ai-sdk/provider@1.1.3": {
      "integrity": "sha512-qZMxYJ0qqX/RfnuIaab+zp8UAeJn/ygXXAffR5I4N0n1IrvA6qBsjc8hXLmBiMV2zoXlifkacF7sEFnYnjBcqg==",
      "dependencies": [
        "json-schema"
      ]
    },
    "@ai-sdk/react@1.2.12_react@19.1.0_zod@3.24.3": {
      "integrity": "sha512-jK1IZZ22evPZoQW3vlkZ7wvjYGYF+tRBKXtrcolduIkQ/m/sOAVcVeVDUDvh1T91xCnWCdUGCPZg2avZ90mv3g==",
      "dependencies": [
        "@ai-sdk/provider-utils@2.2.8_zod@3.24.3",
        "@ai-sdk/ui-utils@1.2.11_zod@3.24.3",
        "react",
        "swr",
        "throttleit",
        "zod"
      ],
      "optionalPeers": [
        "zod"
      ]
    },
    "@ai-sdk/react@1.2.9_react@19.1.0_zod@3.24.3": {
      "integrity": "sha512-/VYm8xifyngaqFDLXACk/1czDRCefNCdALUyp+kIX6DUIYUWTM93ISoZ+qJ8+3E+FiJAKBQz61o8lIIl+vYtzg==",
      "dependencies": [
        "@ai-sdk/provider-utils@2.2.7_zod@3.24.3",
        "@ai-sdk/ui-utils@1.2.8_zod@3.24.3",
        "react",
        "swr",
        "throttleit",
        "zod"
      ],
      "optionalPeers": [
        "zod"
      ]
    },
    "@ai-sdk/ui-utils@1.2.11_zod@3.24.3": {
      "integrity": "sha512-3zcwCc8ezzFlwp3ZD15wAPjf2Au4s3vAbKsXQVyhxODHcmu0iyPO2Eua6D/vicq/AUm/BAo60r97O6HU+EI0+w==",
      "dependencies": [
        "@ai-sdk/provider",
        "@ai-sdk/provider-utils@2.2.8_zod@3.24.3",
        "zod",
        "zod-to-json-schema"
      ]
    },
    "@ai-sdk/ui-utils@1.2.8_zod@3.24.3": {
      "integrity": "sha512-nls/IJCY+ks3Uj6G/agNhXqQeLVqhNfoJbuNgCny+nX2veY5ADB91EcZUqVeQ/ionul2SeUswPY6Q/DxteY29Q==",
      "dependencies": [
        "@ai-sdk/provider",
        "@ai-sdk/provider-utils@2.2.7_zod@3.24.3",
        "zod",
        "zod-to-json-schema"
      ]
    },
    "@aws-crypto/crc32@5.2.0": {
      "integrity": "sha512-nLbCWqQNgUiwwtFsen1AdzAtvuLRsQS8rYgMuxCrdKf9kOssamGLuPwyTY9wyYblNr9+1XM8v6zoDTPPSIeANg==",
      "dependencies": [
        "@aws-crypto/util",
        "@aws-sdk/types",
        "tslib"
      ]
    },
    "@aws-crypto/crc32c@5.2.0": {
      "integrity": "sha512-+iWb8qaHLYKrNvGRbiYRHSdKRWhto5XlZUEBwDjYNf+ly5SVYG6zEoYIdxvf5R3zyeP16w4PLBn3rH1xc74Rag==",
      "dependencies": [
        "@aws-crypto/util",
        "@aws-sdk/types",
        "tslib"
      ]
    },
    "@aws-crypto/sha1-browser@5.2.0": {
      "integrity": "sha512-OH6lveCFfcDjX4dbAvCFSYUjJZjDr/3XJ3xHtjn3Oj5b9RjojQo8npoLeA/bNwkOkrSQ0wgrHzXk4tDRxGKJeg==",
      "dependencies": [
        "@aws-crypto/supports-web-crypto",
        "@aws-crypto/util",
        "@aws-sdk/types",
        "@aws-sdk/util-locate-window",
        "@smithy/util-utf8@2.3.0",
        "tslib"
      ]
    },
    "@aws-crypto/sha256-browser@5.2.0": {
      "integrity": "sha512-AXfN/lGotSQwu6HNcEsIASo7kWXZ5HYWvfOmSNKDsEqC4OashTp8alTmaz+F7TC2L083SFv5RdB+qU3Vs1kZqw==",
      "dependencies": [
        "@aws-crypto/sha256-js",
        "@aws-crypto/supports-web-crypto",
        "@aws-crypto/util",
        "@aws-sdk/types",
        "@aws-sdk/util-locate-window",
        "@smithy/util-utf8@2.3.0",
        "tslib"
      ]
    },
    "@aws-crypto/sha256-js@5.2.0": {
      "integrity": "sha512-FFQQyu7edu4ufvIZ+OadFpHHOt+eSTBaYaki44c+akjg7qZg9oOQeLlk77F6tSYqjDAFClrHJk9tMf0HdVyOvA==",
      "dependencies": [
        "@aws-crypto/util",
        "@aws-sdk/types",
        "tslib"
      ]
    },
    "@aws-crypto/supports-web-crypto@5.2.0": {
      "integrity": "sha512-iAvUotm021kM33eCdNfwIN//F77/IADDSs58i+MDaOqFrVjZo9bAal0NK7HurRuWLLpF1iLX7gbWrjHjeo+YFg==",
      "dependencies": [
        "tslib"
      ]
    },
    "@aws-crypto/util@5.2.0": {
      "integrity": "sha512-4RkU9EsI6ZpBve5fseQlGNUWKMa1RLPQ1dnjnQoe07ldfIzcsGb5hC5W0Dm7u423KWzawlrpbjXBrXCEv9zazQ==",
      "dependencies": [
        "@aws-sdk/types",
        "@smithy/util-utf8@2.3.0",
        "tslib"
      ]
    },
    "@aws-sdk/client-s3@3.787.0": {
      "integrity": "sha512-eGLCWkN0NlntJ9yPU6OKUggVS4cFvuZJog+cFg1KD5hniLqz7Y0YRtB4uBxW212fK3XCfddgyscEOEeHaTQQTw==",
      "dependencies": [
        "@aws-crypto/sha1-browser",
        "@aws-crypto/sha256-browser",
        "@aws-crypto/sha256-js",
        "@aws-sdk/core",
        "@aws-sdk/credential-provider-node",
        "@aws-sdk/middleware-bucket-endpoint",
        "@aws-sdk/middleware-expect-continue",
        "@aws-sdk/middleware-flexible-checksums",
        "@aws-sdk/middleware-host-header",
        "@aws-sdk/middleware-location-constraint",
        "@aws-sdk/middleware-logger",
        "@aws-sdk/middleware-recursion-detection",
        "@aws-sdk/middleware-sdk-s3",
        "@aws-sdk/middleware-ssec",
        "@aws-sdk/middleware-user-agent",
        "@aws-sdk/region-config-resolver",
        "@aws-sdk/signature-v4-multi-region",
        "@aws-sdk/types",
        "@aws-sdk/util-endpoints",
        "@aws-sdk/util-user-agent-browser",
        "@aws-sdk/util-user-agent-node",
        "@aws-sdk/xml-builder",
        "@smithy/config-resolver",
        "@smithy/core",
        "@smithy/eventstream-serde-browser",
        "@smithy/eventstream-serde-config-resolver",
        "@smithy/eventstream-serde-node",
        "@smithy/fetch-http-handler",
        "@smithy/hash-blob-browser",
        "@smithy/hash-node",
        "@smithy/hash-stream-node",
        "@smithy/invalid-dependency",
        "@smithy/md5-js",
        "@smithy/middleware-content-length",
        "@smithy/middleware-endpoint",
        "@smithy/middleware-retry",
        "@smithy/middleware-serde",
        "@smithy/middleware-stack",
        "@smithy/node-config-provider",
        "@smithy/node-http-handler",
        "@smithy/protocol-http",
        "@smithy/smithy-client",
        "@smithy/types",
        "@smithy/url-parser",
        "@smithy/util-base64",
        "@smithy/util-body-length-browser",
        "@smithy/util-body-length-node",
        "@smithy/util-defaults-mode-browser",
        "@smithy/util-defaults-mode-node",
        "@smithy/util-endpoints",
        "@smithy/util-middleware",
        "@smithy/util-retry",
        "@smithy/util-stream",
        "@smithy/util-utf8@4.0.0",
        "@smithy/util-waiter",
        "tslib"
      ]
    },
    "@aws-sdk/client-sso@3.787.0": {
      "integrity": "sha512-L8R+Mh258G0DC73ktpSVrG4TT9i2vmDLecARTDR/4q5sRivdDQSL5bUp3LKcK80Bx+FRw3UETIlX6mYMLL9PJQ==",
      "dependencies": [
        "@aws-crypto/sha256-browser",
        "@aws-crypto/sha256-js",
        "@aws-sdk/core",
        "@aws-sdk/middleware-host-header",
        "@aws-sdk/middleware-logger",
        "@aws-sdk/middleware-recursion-detection",
        "@aws-sdk/middleware-user-agent",
        "@aws-sdk/region-config-resolver",
        "@aws-sdk/types",
        "@aws-sdk/util-endpoints",
        "@aws-sdk/util-user-agent-browser",
        "@aws-sdk/util-user-agent-node",
        "@smithy/config-resolver",
        "@smithy/core",
        "@smithy/fetch-http-handler",
        "@smithy/hash-node",
        "@smithy/invalid-dependency",
        "@smithy/middleware-content-length",
        "@smithy/middleware-endpoint",
        "@smithy/middleware-retry",
        "@smithy/middleware-serde",
        "@smithy/middleware-stack",
        "@smithy/node-config-provider",
        "@smithy/node-http-handler",
        "@smithy/protocol-http",
        "@smithy/smithy-client",
        "@smithy/types",
        "@smithy/url-parser",
        "@smithy/util-base64",
        "@smithy/util-body-length-browser",
        "@smithy/util-body-length-node",
        "@smithy/util-defaults-mode-browser",
        "@smithy/util-defaults-mode-node",
        "@smithy/util-endpoints",
        "@smithy/util-middleware",
        "@smithy/util-retry",
        "@smithy/util-utf8@4.0.0",
        "tslib"
      ]
    },
    "@aws-sdk/core@3.775.0": {
      "integrity": "sha512-8vpW4WihVfz0DX+7WnnLGm3GuQER++b0IwQG35JlQMlgqnc44M//KbJPsIHA0aJUJVwJAEShgfr5dUbY8WUzaA==",
      "dependencies": [
        "@aws-sdk/types",
        "@smithy/core",
        "@smithy/node-config-provider",
        "@smithy/property-provider",
        "@smithy/protocol-http",
        "@smithy/signature-v4",
        "@smithy/smithy-client",
        "@smithy/types",
        "@smithy/util-middleware",
        "fast-xml-parser",
        "tslib"
      ]
    },
    "@aws-sdk/credential-provider-env@3.775.0": {
      "integrity": "sha512-6ESVxwCbGm7WZ17kY1fjmxQud43vzJFoLd4bmlR+idQSWdqlzGDYdcfzpjDKTcivdtNrVYmFvcH1JBUwCRAZhw==",
      "dependencies": [
        "@aws-sdk/core",
        "@aws-sdk/types",
        "@smithy/property-provider",
        "@smithy/types",
        "tslib"
      ]
    },
    "@aws-sdk/credential-provider-http@3.775.0": {
      "integrity": "sha512-PjDQeDH/J1S0yWV32wCj2k5liRo0ssXMseCBEkCsD3SqsU8o5cU82b0hMX4sAib/RkglCSZqGO0xMiN0/7ndww==",
      "dependencies": [
        "@aws-sdk/core",
        "@aws-sdk/types",
        "@smithy/fetch-http-handler",
        "@smithy/node-http-handler",
        "@smithy/property-provider",
        "@smithy/protocol-http",
        "@smithy/smithy-client",
        "@smithy/types",
        "@smithy/util-stream",
        "tslib"
      ]
    },
    "@aws-sdk/credential-provider-ini@3.787.0": {
      "integrity": "sha512-hc2taRoDlXn2uuNuHWDJljVWYrp3r9JF1a/8XmOAZhVUNY+ImeeStylHXhXXKEA4JOjW+5PdJj0f1UDkVCHJiQ==",
      "dependencies": [
        "@aws-sdk/core",
        "@aws-sdk/credential-provider-env",
        "@aws-sdk/credential-provider-http",
        "@aws-sdk/credential-provider-process",
        "@aws-sdk/credential-provider-sso",
        "@aws-sdk/credential-provider-web-identity",
        "@aws-sdk/nested-clients",
        "@aws-sdk/types",
        "@smithy/credential-provider-imds",
        "@smithy/property-provider",
        "@smithy/shared-ini-file-loader",
        "@smithy/types",
        "tslib"
      ]
    },
    "@aws-sdk/credential-provider-node@3.787.0": {
      "integrity": "sha512-JioVi44B1vDMaK2CdzqimwvJD3uzvzbQhaEWXsGMBcMcNHajXAXf08EF50JG3ZhLrhhUsT1ObXpbTaPINOhh+g==",
      "dependencies": [
        "@aws-sdk/credential-provider-env",
        "@aws-sdk/credential-provider-http",
        "@aws-sdk/credential-provider-ini",
        "@aws-sdk/credential-provider-process",
        "@aws-sdk/credential-provider-sso",
        "@aws-sdk/credential-provider-web-identity",
        "@aws-sdk/types",
        "@smithy/credential-provider-imds",
        "@smithy/property-provider",
        "@smithy/shared-ini-file-loader",
        "@smithy/types",
        "tslib"
      ]
    },
    "@aws-sdk/credential-provider-process@3.775.0": {
      "integrity": "sha512-A6k68H9rQp+2+7P7SGO90Csw6nrUEm0Qfjpn9Etc4EboZhhCLs9b66umUsTsSBHus4FDIe5JQxfCUyt1wgNogg==",
      "dependencies": [
        "@aws-sdk/core",
        "@aws-sdk/types",
        "@smithy/property-provider",
        "@smithy/shared-ini-file-loader",
        "@smithy/types",
        "tslib"
      ]
    },
    "@aws-sdk/credential-provider-sso@3.787.0": {
      "integrity": "sha512-fHc08bsvwm4+dEMEQKnQ7c1irEQmmxbgS+Fq41y09pPvPh31nAhoMcjBSTWAaPHvvsRbTYvmP4Mf12ZGr8/nfg==",
      "dependencies": [
        "@aws-sdk/client-sso",
        "@aws-sdk/core",
        "@aws-sdk/token-providers",
        "@aws-sdk/types",
        "@smithy/property-provider",
        "@smithy/shared-ini-file-loader",
        "@smithy/types",
        "tslib"
      ]
    },
    "@aws-sdk/credential-provider-web-identity@3.787.0": {
      "integrity": "sha512-SobmCwNbk6TfEsF283mZPQEI5vV2j6eY5tOCj8Er4Lzraxu9fBPADV+Bib2A8F6jlB1lMPJzOuDCbEasSt/RIw==",
      "dependencies": [
        "@aws-sdk/core",
        "@aws-sdk/nested-clients",
        "@aws-sdk/types",
        "@smithy/property-provider",
        "@smithy/types",
        "tslib"
      ]
    },
    "@aws-sdk/middleware-bucket-endpoint@3.775.0": {
      "integrity": "sha512-qogMIpVChDYr4xiUNC19/RDSw/sKoHkAhouS6Skxiy6s27HBhow1L3Z1qVYXuBmOZGSWPU0xiyZCvOyWrv9s+Q==",
      "dependencies": [
        "@aws-sdk/types",
        "@aws-sdk/util-arn-parser",
        "@smithy/node-config-provider",
        "@smithy/protocol-http",
        "@smithy/types",
        "@smithy/util-config-provider",
        "tslib"
      ]
    },
    "@aws-sdk/middleware-expect-continue@3.775.0": {
      "integrity": "sha512-Apd3owkIeUW5dnk3au9np2IdW2N0zc9NjTjHiH+Mx3zqwSrc+m+ANgJVgk9mnQjMzU/vb7VuxJ0eqdEbp5gYsg==",
      "dependencies": [
        "@aws-sdk/types",
        "@smithy/protocol-http",
        "@smithy/types",
        "tslib"
      ]
    },
    "@aws-sdk/middleware-flexible-checksums@3.787.0": {
      "integrity": "sha512-X71qEwWoixFmwowWzlPoZUR3u1CWJ7iAzU0EzIxqmPhQpQJLFmdL1+SRjqATynDPZQzLs1a5HBtPT++EnZ+Quw==",
      "dependencies": [
        "@aws-crypto/crc32",
        "@aws-crypto/crc32c",
        "@aws-crypto/util",
        "@aws-sdk/core",
        "@aws-sdk/types",
        "@smithy/is-array-buffer@4.0.0",
        "@smithy/node-config-provider",
        "@smithy/protocol-http",
        "@smithy/types",
        "@smithy/util-middleware",
        "@smithy/util-stream",
        "@smithy/util-utf8@4.0.0",
        "tslib"
      ]
    },
    "@aws-sdk/middleware-host-header@3.775.0": {
      "integrity": "sha512-tkSegM0Z6WMXpLB8oPys/d+umYIocvO298mGvcMCncpRl77L9XkvSLJIFzaHes+o7djAgIduYw8wKIMStFss2w==",
      "dependencies": [
        "@aws-sdk/types",
        "@smithy/protocol-http",
        "@smithy/types",
        "tslib"
      ]
    },
    "@aws-sdk/middleware-location-constraint@3.775.0": {
      "integrity": "sha512-8TMXEHZXZTFTckQLyBT5aEI8fX11HZcwZseRifvBKKpj0RZDk4F0EEYGxeNSPpUQ7n+PRWyfAEnnZNRdAj/1NQ==",
      "dependencies": [
        "@aws-sdk/types",
        "@smithy/types",
        "tslib"
      ]
    },
    "@aws-sdk/middleware-logger@3.775.0": {
      "integrity": "sha512-FaxO1xom4MAoUJsldmR92nT1G6uZxTdNYOFYtdHfd6N2wcNaTuxgjIvqzg5y7QIH9kn58XX/dzf1iTjgqUStZw==",
      "dependencies": [
        "@aws-sdk/types",
        "@smithy/types",
        "tslib"
      ]
    },
    "@aws-sdk/middleware-recursion-detection@3.775.0": {
      "integrity": "sha512-GLCzC8D0A0YDG5u3F5U03Vb9j5tcOEFhr8oc6PDk0k0vm5VwtZOE6LvK7hcCSoAB4HXyOUM0sQuXrbaAh9OwXA==",
      "dependencies": [
        "@aws-sdk/types",
        "@smithy/protocol-http",
        "@smithy/types",
        "tslib"
      ]
    },
    "@aws-sdk/middleware-sdk-s3@3.775.0": {
      "integrity": "sha512-zsvcu7cWB28JJ60gVvjxPCI7ZU7jWGcpNACPiZGyVtjYXwcxyhXbYEVDSWKsSA6ERpz9XrpLYod8INQWfW3ECg==",
      "dependencies": [
        "@aws-sdk/core",
        "@aws-sdk/types",
        "@aws-sdk/util-arn-parser",
        "@smithy/core",
        "@smithy/node-config-provider",
        "@smithy/protocol-http",
        "@smithy/signature-v4",
        "@smithy/smithy-client",
        "@smithy/types",
        "@smithy/util-config-provider",
        "@smithy/util-middleware",
        "@smithy/util-stream",
        "@smithy/util-utf8@4.0.0",
        "tslib"
      ]
    },
    "@aws-sdk/middleware-ssec@3.775.0": {
      "integrity": "sha512-Iw1RHD8vfAWWPzBBIKaojO4GAvQkHOYIpKdAfis/EUSUmSa79QsnXnRqsdcE0mCB0Ylj23yi+ah4/0wh9FsekA==",
      "dependencies": [
        "@aws-sdk/types",
        "@smithy/types",
        "tslib"
      ]
    },
    "@aws-sdk/middleware-user-agent@3.787.0": {
      "integrity": "sha512-Lnfj8SmPLYtrDFthNIaNj66zZsBCam+E4XiUDr55DIHTGstH6qZ/q6vg0GfbukxwSmUcGMwSR4Qbn8rb8yd77g==",
      "dependencies": [
        "@aws-sdk/core",
        "@aws-sdk/types",
        "@aws-sdk/util-endpoints",
        "@smithy/core",
        "@smithy/protocol-http",
        "@smithy/types",
        "tslib"
      ]
    },
    "@aws-sdk/nested-clients@3.787.0": {
      "integrity": "sha512-xk03q1xpKNHgbuo+trEf1dFrI239kuMmjKKsqLEsHlAZbuFq4yRGMlHBrVMnKYOPBhVFDS/VineM991XI52fKg==",
      "dependencies": [
        "@aws-crypto/sha256-browser",
        "@aws-crypto/sha256-js",
        "@aws-sdk/core",
        "@aws-sdk/middleware-host-header",
        "@aws-sdk/middleware-logger",
        "@aws-sdk/middleware-recursion-detection",
        "@aws-sdk/middleware-user-agent",
        "@aws-sdk/region-config-resolver",
        "@aws-sdk/types",
        "@aws-sdk/util-endpoints",
        "@aws-sdk/util-user-agent-browser",
        "@aws-sdk/util-user-agent-node",
        "@smithy/config-resolver",
        "@smithy/core",
        "@smithy/fetch-http-handler",
        "@smithy/hash-node",
        "@smithy/invalid-dependency",
        "@smithy/middleware-content-length",
        "@smithy/middleware-endpoint",
        "@smithy/middleware-retry",
        "@smithy/middleware-serde",
        "@smithy/middleware-stack",
        "@smithy/node-config-provider",
        "@smithy/node-http-handler",
        "@smithy/protocol-http",
        "@smithy/smithy-client",
        "@smithy/types",
        "@smithy/url-parser",
        "@smithy/util-base64",
        "@smithy/util-body-length-browser",
        "@smithy/util-body-length-node",
        "@smithy/util-defaults-mode-browser",
        "@smithy/util-defaults-mode-node",
        "@smithy/util-endpoints",
        "@smithy/util-middleware",
        "@smithy/util-retry",
        "@smithy/util-utf8@4.0.0",
        "tslib"
      ]
    },
    "@aws-sdk/region-config-resolver@3.775.0": {
      "integrity": "sha512-40iH3LJjrQS3LKUJAl7Wj0bln7RFPEvUYKFxtP8a+oKFDO0F65F52xZxIJbPn6sHkxWDAnZlGgdjZXM3p2g5wQ==",
      "dependencies": [
        "@aws-sdk/types",
        "@smithy/node-config-provider",
        "@smithy/types",
        "@smithy/util-config-provider",
        "@smithy/util-middleware",
        "tslib"
      ]
    },
    "@aws-sdk/signature-v4-multi-region@3.775.0": {
      "integrity": "sha512-cnGk8GDfTMJ8p7+qSk92QlIk2bmTmFJqhYxcXZ9PysjZtx0xmfCMxnG3Hjy1oU2mt5boPCVSOptqtWixayM17g==",
      "dependencies": [
        "@aws-sdk/middleware-sdk-s3",
        "@aws-sdk/types",
        "@smithy/protocol-http",
        "@smithy/signature-v4",
        "@smithy/types",
        "tslib"
      ]
    },
    "@aws-sdk/token-providers@3.787.0": {
      "integrity": "sha512-d7/NIqxq308Zg0RPMNrmn0QvzniL4Hx8Qdwzr6YZWLYAbUSvZYS2ppLR3BFWSkV6SsTJUx8BuDaj3P8vttkrog==",
      "dependencies": [
        "@aws-sdk/nested-clients",
        "@aws-sdk/types",
        "@smithy/property-provider",
        "@smithy/shared-ini-file-loader",
        "@smithy/types",
        "tslib"
      ]
    },
    "@aws-sdk/types@3.775.0": {
      "integrity": "sha512-ZoGKwa4C9fC9Av6bdfqcW6Ix5ot05F/S4VxWR2nHuMv7hzfmAjTOcUiWT7UR4hM/U0whf84VhDtXN/DWAk52KA==",
      "dependencies": [
        "@smithy/types",
        "tslib"
      ]
    },
    "@aws-sdk/util-arn-parser@3.723.0": {
      "integrity": "sha512-ZhEfvUwNliOQROcAk34WJWVYTlTa4694kSVhDSjW6lE1bMataPnIN8A0ycukEzBXmd8ZSoBcQLn6lKGl7XIJ5w==",
      "dependencies": [
        "tslib"
      ]
    },
    "@aws-sdk/util-endpoints@3.787.0": {
      "integrity": "sha512-fd3zkiOkwnbdbN0Xp9TsP5SWrmv0SpT70YEdbb8wAj2DWQwiCmFszaSs+YCvhoCdmlR3Wl9Spu0pGpSAGKeYvQ==",
      "dependencies": [
        "@aws-sdk/types",
        "@smithy/types",
        "@smithy/util-endpoints",
        "tslib"
      ]
    },
    "@aws-sdk/util-locate-window@3.723.0": {
      "integrity": "sha512-Yf2CS10BqK688DRsrKI/EO6B8ff5J86NXe4C+VCysK7UOgN0l1zOTeTukZ3H8Q9tYYX3oaF1961o8vRkFm7Nmw==",
      "dependencies": [
        "tslib"
      ]
    },
    "@aws-sdk/util-user-agent-browser@3.775.0": {
      "integrity": "sha512-txw2wkiJmZKVdDbscK7VBK+u+TJnRtlUjRTLei+elZg2ADhpQxfVAQl436FUeIv6AhB/oRHW6/K/EAGXUSWi0A==",
      "dependencies": [
        "@aws-sdk/types",
        "@smithy/types",
        "bowser",
        "tslib"
      ]
    },
    "@aws-sdk/util-user-agent-node@3.787.0": {
      "integrity": "sha512-mG7Lz8ydfG4SF9e8WSXiPQ/Lsn3n8A5B5jtPROidafi06I3ckV2WxyMLdwG14m919NoS6IOfWHyRGSqWIwbVKA==",
      "dependencies": [
        "@aws-sdk/middleware-user-agent",
        "@aws-sdk/types",
        "@smithy/node-config-provider",
        "@smithy/types",
        "tslib"
      ]
    },
    "@aws-sdk/xml-builder@3.775.0": {
      "integrity": "sha512-b9NGO6FKJeLGYnV7Z1yvcP1TNU4dkD5jNsLWOF1/sygZoASaQhNOlaiJ/1OH331YQ1R1oWk38nBb0frsYkDsOQ==",
      "dependencies": [
        "@smithy/types",
        "tslib"
      ]
    },
    "@opentelemetry/api@1.9.0": {
      "integrity": "sha512-3giAOQvZiH5F9bMlMiv8+GSPMeqg0dbaeo58/0SlA9sxSqZhnUtxzX9/2FzyhS9sWQf5S0GJE0AKBrFqjpeYcg=="
    },
    "@smithy/abort-controller@4.0.2": {
      "integrity": "sha512-Sl/78VDtgqKxN2+1qduaVE140XF+Xg+TafkncspwM4jFP/LHr76ZHmIY/y3V1M0mMLNk+Je6IGbzxy23RSToMw==",
      "dependencies": [
        "@smithy/types",
        "tslib"
      ]
    },
    "@smithy/chunked-blob-reader-native@4.0.0": {
      "integrity": "sha512-R9wM2yPmfEMsUmlMlIgSzOyICs0x9uu7UTHoccMyt7BWw8shcGM8HqB355+BZCPBcySvbTYMs62EgEQkNxz2ig==",
      "dependencies": [
        "@smithy/util-base64",
        "tslib"
      ]
    },
    "@smithy/chunked-blob-reader@5.0.0": {
      "integrity": "sha512-+sKqDBQqb036hh4NPaUiEkYFkTUGYzRsn3EuFhyfQfMy6oGHEUJDurLP9Ufb5dasr/XiAmPNMr6wa9afjQB+Gw==",
      "dependencies": [
        "tslib"
      ]
    },
    "@smithy/config-resolver@4.1.0": {
      "integrity": "sha512-8smPlwhga22pwl23fM5ew4T9vfLUCeFXlcqNOCD5M5h8VmNPNUE9j6bQSuRXpDSV11L/E/SwEBQuW8hr6+nS1A==",
      "dependencies": [
        "@smithy/node-config-provider",
        "@smithy/types",
        "@smithy/util-config-provider",
        "@smithy/util-middleware",
        "tslib"
      ]
    },
    "@smithy/core@3.2.0": {
      "integrity": "sha512-k17bgQhVZ7YmUvA8at4af1TDpl0NDMBuBKJl8Yg0nrefwmValU+CnA5l/AriVdQNthU/33H3nK71HrLgqOPr1Q==",
      "dependencies": [
        "@smithy/middleware-serde",
        "@smithy/protocol-http",
        "@smithy/types",
        "@smithy/util-body-length-browser",
        "@smithy/util-middleware",
        "@smithy/util-stream",
        "@smithy/util-utf8@4.0.0",
        "tslib"
      ]
    },
    "@smithy/credential-provider-imds@4.0.2": {
      "integrity": "sha512-32lVig6jCaWBHnY+OEQ6e6Vnt5vDHaLiydGrwYMW9tPqO688hPGTYRamYJ1EptxEC2rAwJrHWmPoKRBl4iTa8w==",
      "dependencies": [
        "@smithy/node-config-provider",
        "@smithy/property-provider",
        "@smithy/types",
        "@smithy/url-parser",
        "tslib"
      ]
    },
    "@smithy/eventstream-codec@4.0.2": {
      "integrity": "sha512-p+f2kLSK7ZrXVfskU/f5dzksKTewZk8pJLPvER3aFHPt76C2MxD9vNatSfLzzQSQB4FNO96RK4PSXfhD1TTeMQ==",
      "dependencies": [
        "@aws-crypto/crc32",
        "@smithy/types",
        "@smithy/util-hex-encoding",
        "tslib"
      ]
    },
    "@smithy/eventstream-serde-browser@4.0.2": {
      "integrity": "sha512-CepZCDs2xgVUtH7ZZ7oDdZFH8e6Y2zOv8iiX6RhndH69nlojCALSKK+OXwZUgOtUZEUaZ5e1hULVCHYbCn7pug==",
      "dependencies": [
        "@smithy/eventstream-serde-universal",
        "@smithy/types",
        "tslib"
      ]
    },
    "@smithy/eventstream-serde-config-resolver@4.1.0": {
      "integrity": "sha512-1PI+WPZ5TWXrfj3CIoKyUycYynYJgZjuQo8U+sphneOtjsgrttYybdqESFReQrdWJ+LKt6NEdbYzmmfDBmjX2A==",
      "dependencies": [
        "@smithy/types",
        "tslib"
      ]
    },
    "@smithy/eventstream-serde-node@4.0.2": {
      "integrity": "sha512-C5bJ/C6x9ENPMx2cFOirspnF9ZsBVnBMtP6BdPl/qYSuUawdGQ34Lq0dMcf42QTjUZgWGbUIZnz6+zLxJlb9aw==",
      "dependencies": [
        "@smithy/eventstream-serde-universal",
        "@smithy/types",
        "tslib"
      ]
    },
    "@smithy/eventstream-serde-universal@4.0.2": {
      "integrity": "sha512-St8h9JqzvnbB52FtckiHPN4U/cnXcarMniXRXTKn0r4b4XesZOGiAyUdj1aXbqqn1icSqBlzzUsCl6nPB018ng==",
      "dependencies": [
        "@smithy/eventstream-codec",
        "@smithy/types",
        "tslib"
      ]
    },
    "@smithy/fetch-http-handler@5.0.2": {
      "integrity": "sha512-+9Dz8sakS9pe7f2cBocpJXdeVjMopUDLgZs1yWeu7h++WqSbjUYv/JAJwKwXw1HV6gq1jyWjxuyn24E2GhoEcQ==",
      "dependencies": [
        "@smithy/protocol-http",
        "@smithy/querystring-builder",
        "@smithy/types",
        "@smithy/util-base64",
        "tslib"
      ]
    },
    "@smithy/hash-blob-browser@4.0.2": {
      "integrity": "sha512-3g188Z3DyhtzfBRxpZjU8R9PpOQuYsbNnyStc/ZVS+9nVX1f6XeNOa9IrAh35HwwIZg+XWk8bFVtNINVscBP+g==",
      "dependencies": [
        "@smithy/chunked-blob-reader",
        "@smithy/chunked-blob-reader-native",
        "@smithy/types",
        "tslib"
      ]
    },
    "@smithy/hash-node@4.0.2": {
      "integrity": "sha512-VnTpYPnRUE7yVhWozFdlxcYknv9UN7CeOqSrMH+V877v4oqtVYuoqhIhtSjmGPvYrYnAkaM61sLMKHvxL138yg==",
      "dependencies": [
        "@smithy/types",
        "@smithy/util-buffer-from@4.0.0",
        "@smithy/util-utf8@4.0.0",
        "tslib"
      ]
    },
    "@smithy/hash-stream-node@4.0.2": {
      "integrity": "sha512-POWDuTznzbIwlEXEvvXoPMS10y0WKXK790soe57tFRfvf4zBHyzE529HpZMqmDdwG9MfFflnyzndUQ8j78ZdSg==",
      "dependencies": [
        "@smithy/types",
        "@smithy/util-utf8@4.0.0",
        "tslib"
      ]
    },
    "@smithy/invalid-dependency@4.0.2": {
      "integrity": "sha512-GatB4+2DTpgWPday+mnUkoumP54u/MDM/5u44KF9hIu8jF0uafZtQLcdfIKkIcUNuF/fBojpLEHZS/56JqPeXQ==",
      "dependencies": [
        "@smithy/types",
        "tslib"
      ]
    },
    "@smithy/is-array-buffer@2.2.0": {
      "integrity": "sha512-GGP3O9QFD24uGeAXYUjwSTXARoqpZykHadOmA8G5vfJPK0/DC67qa//0qvqrJzL1xc8WQWX7/yc7fwudjPHPhA==",
      "dependencies": [
        "tslib"
      ]
    },
    "@smithy/is-array-buffer@4.0.0": {
      "integrity": "sha512-saYhF8ZZNoJDTvJBEWgeBccCg+yvp1CX+ed12yORU3NilJScfc6gfch2oVb4QgxZrGUx3/ZJlb+c/dJbyupxlw==",
      "dependencies": [
        "tslib"
      ]
    },
    "@smithy/md5-js@4.0.2": {
      "integrity": "sha512-Hc0R8EiuVunUewCse2syVgA2AfSRco3LyAv07B/zCOMa+jpXI9ll+Q21Nc6FAlYPcpNcAXqBzMhNs1CD/pP2bA==",
      "dependencies": [
        "@smithy/types",
        "@smithy/util-utf8@4.0.0",
        "tslib"
      ]
    },
    "@smithy/middleware-content-length@4.0.2": {
      "integrity": "sha512-hAfEXm1zU+ELvucxqQ7I8SszwQ4znWMbNv6PLMndN83JJN41EPuS93AIyh2N+gJ6x8QFhzSO6b7q2e6oClDI8A==",
      "dependencies": [
        "@smithy/protocol-http",
        "@smithy/types",
        "tslib"
      ]
    },
    "@smithy/middleware-endpoint@4.1.0": {
      "integrity": "sha512-xhLimgNCbCzsUppRTGXWkZywksuTThxaIB0HwbpsVLY5sceac4e1TZ/WKYqufQLaUy+gUSJGNdwD2jo3cXL0iA==",
      "dependencies": [
        "@smithy/core",
        "@smithy/middleware-serde",
        "@smithy/node-config-provider",
        "@smithy/shared-ini-file-loader",
        "@smithy/types",
        "@smithy/url-parser",
        "@smithy/util-middleware",
        "tslib"
      ]
    },
    "@smithy/middleware-retry@4.1.0": {
      "integrity": "sha512-2zAagd1s6hAaI/ap6SXi5T3dDwBOczOMCSkkYzktqN1+tzbk1GAsHNAdo/1uzxz3Ky02jvZQwbi/vmDA6z4Oyg==",
      "dependencies": [
        "@smithy/node-config-provider",
        "@smithy/protocol-http",
        "@smithy/service-error-classification",
        "@smithy/smithy-client",
        "@smithy/types",
        "@smithy/util-middleware",
        "@smithy/util-retry",
        "tslib",
        "uuid"
      ]
    },
    "@smithy/middleware-serde@4.0.3": {
      "integrity": "sha512-rfgDVrgLEVMmMn0BI8O+8OVr6vXzjV7HZj57l0QxslhzbvVfikZbVfBVthjLHqib4BW44QhcIgJpvebHlRaC9A==",
      "dependencies": [
        "@smithy/types",
        "tslib"
      ]
    },
    "@smithy/middleware-stack@4.0.2": {
      "integrity": "sha512-eSPVcuJJGVYrFYu2hEq8g8WWdJav3sdrI4o2c6z/rjnYDd3xH9j9E7deZQCzFn4QvGPouLngH3dQ+QVTxv5bOQ==",
      "dependencies": [
        "@smithy/types",
        "tslib"
      ]
    },
    "@smithy/node-config-provider@4.0.2": {
      "integrity": "sha512-WgCkILRZfJwJ4Da92a6t3ozN/zcvYyJGUTmfGbgS/FkCcoCjl7G4FJaCDN1ySdvLvemnQeo25FdkyMSTSwulsw==",
      "dependencies": [
        "@smithy/property-provider",
        "@smithy/shared-ini-file-loader",
        "@smithy/types",
        "tslib"
      ]
    },
    "@smithy/node-http-handler@4.0.4": {
      "integrity": "sha512-/mdqabuAT3o/ihBGjL94PUbTSPSRJ0eeVTdgADzow0wRJ0rN4A27EOrtlK56MYiO1fDvlO3jVTCxQtQmK9dZ1g==",
      "dependencies": [
        "@smithy/abort-controller",
        "@smithy/protocol-http",
        "@smithy/querystring-builder",
        "@smithy/types",
        "tslib"
      ]
    },
    "@smithy/property-provider@4.0.2": {
      "integrity": "sha512-wNRoQC1uISOuNc2s4hkOYwYllmiyrvVXWMtq+TysNRVQaHm4yoafYQyjN/goYZS+QbYlPIbb/QRjaUZMuzwQ7A==",
      "dependencies": [
        "@smithy/types",
        "tslib"
      ]
    },
    "@smithy/protocol-http@5.1.0": {
      "integrity": "sha512-KxAOL1nUNw2JTYrtviRRjEnykIDhxc84qMBzxvu1MUfQfHTuBlCG7PA6EdVwqpJjH7glw7FqQoFxUJSyBQgu7g==",
      "dependencies": [
        "@smithy/types",
        "tslib"
      ]
    },
    "@smithy/querystring-builder@4.0.2": {
      "integrity": "sha512-NTOs0FwHw1vimmQM4ebh+wFQvOwkEf/kQL6bSM1Lock+Bv4I89B3hGYoUEPkmvYPkDKyp5UdXJYu+PoTQ3T31Q==",
      "dependencies": [
        "@smithy/types",
        "@smithy/util-uri-escape",
        "tslib"
      ]
    },
    "@smithy/querystring-parser@4.0.2": {
      "integrity": "sha512-v6w8wnmZcVXjfVLjxw8qF7OwESD9wnpjp0Dqry/Pod0/5vcEA3qxCr+BhbOHlxS8O+29eLpT3aagxXGwIoEk7Q==",
      "dependencies": [
        "@smithy/types",
        "tslib"
      ]
    },
    "@smithy/service-error-classification@4.0.2": {
      "integrity": "sha512-LA86xeFpTKn270Hbkixqs5n73S+LVM0/VZco8dqd+JT75Dyx3Lcw/MraL7ybjmz786+160K8rPOmhsq0SocoJQ==",
      "dependencies": [
        "@smithy/types"
      ]
    },
    "@smithy/shared-ini-file-loader@4.0.2": {
      "integrity": "sha512-J9/gTWBGVuFZ01oVA6vdb4DAjf1XbDhK6sLsu3OS9qmLrS6KB5ygpeHiM3miIbj1qgSJ96GYszXFWv6ErJ8QEw==",
      "dependencies": [
        "@smithy/types",
        "tslib"
      ]
    },
    "@smithy/signature-v4@5.0.2": {
      "integrity": "sha512-Mz+mc7okA73Lyz8zQKJNyr7lIcHLiPYp0+oiqiMNc/t7/Kf2BENs5d63pEj7oPqdjaum6g0Fc8wC78dY1TgtXw==",
      "dependencies": [
        "@smithy/is-array-buffer@4.0.0",
        "@smithy/protocol-http",
        "@smithy/types",
        "@smithy/util-hex-encoding",
        "@smithy/util-middleware",
        "@smithy/util-uri-escape",
        "@smithy/util-utf8@4.0.0",
        "tslib"
      ]
    },
    "@smithy/smithy-client@4.2.0": {
      "integrity": "sha512-Qs65/w30pWV7LSFAez9DKy0Koaoh3iHhpcpCCJ4waj/iqwsuSzJna2+vYwq46yBaqO5ZbP9TjUsATUNxrKeBdw==",
      "dependencies": [
        "@smithy/core",
        "@smithy/middleware-endpoint",
        "@smithy/middleware-stack",
        "@smithy/protocol-http",
        "@smithy/types",
        "@smithy/util-stream",
        "tslib"
      ]
    },
    "@smithy/types@4.2.0": {
      "integrity": "sha512-7eMk09zQKCO+E/ivsjQv+fDlOupcFUCSC/L2YUPgwhvowVGWbPQHjEFcmjt7QQ4ra5lyowS92SV53Zc6XD4+fg==",
      "dependencies": [
        "tslib"
      ]
    },
    "@smithy/url-parser@4.0.2": {
      "integrity": "sha512-Bm8n3j2ScqnT+kJaClSVCMeiSenK6jVAzZCNewsYWuZtnBehEz4r2qP0riZySZVfzB+03XZHJeqfmJDkeeSLiQ==",
      "dependencies": [
        "@smithy/querystring-parser",
        "@smithy/types",
        "tslib"
      ]
    },
    "@smithy/util-base64@4.0.0": {
      "integrity": "sha512-CvHfCmO2mchox9kjrtzoHkWHxjHZzaFojLc8quxXY7WAAMAg43nuxwv95tATVgQFNDwd4M9S1qFzj40Ul41Kmg==",
      "dependencies": [
        "@smithy/util-buffer-from@4.0.0",
        "@smithy/util-utf8@4.0.0",
        "tslib"
      ]
    },
    "@smithy/util-body-length-browser@4.0.0": {
      "integrity": "sha512-sNi3DL0/k64/LO3A256M+m3CDdG6V7WKWHdAiBBMUN8S3hK3aMPhwnPik2A/a2ONN+9doY9UxaLfgqsIRg69QA==",
      "dependencies": [
        "tslib"
      ]
    },
    "@smithy/util-body-length-node@4.0.0": {
      "integrity": "sha512-q0iDP3VsZzqJyje8xJWEJCNIu3lktUGVoSy1KB0UWym2CL1siV3artm+u1DFYTLejpsrdGyCSWBdGNjJzfDPjg==",
      "dependencies": [
        "tslib"
      ]
    },
    "@smithy/util-buffer-from@2.2.0": {
      "integrity": "sha512-IJdWBbTcMQ6DA0gdNhh/BwrLkDR+ADW5Kr1aZmd4k3DIF6ezMV4R2NIAmT08wQJ3yUK82thHWmC/TnK/wpMMIA==",
      "dependencies": [
        "@smithy/is-array-buffer@2.2.0",
        "tslib"
      ]
    },
    "@smithy/util-buffer-from@4.0.0": {
      "integrity": "sha512-9TOQ7781sZvddgO8nxueKi3+yGvkY35kotA0Y6BWRajAv8jjmigQ1sBwz0UX47pQMYXJPahSKEKYFgt+rXdcug==",
      "dependencies": [
        "@smithy/is-array-buffer@4.0.0",
        "tslib"
      ]
    },
    "@smithy/util-config-provider@4.0.0": {
      "integrity": "sha512-L1RBVzLyfE8OXH+1hsJ8p+acNUSirQnWQ6/EgpchV88G6zGBTDPdXiiExei6Z1wR2RxYvxY/XLw6AMNCCt8H3w==",
      "dependencies": [
        "tslib"
      ]
    },
    "@smithy/util-defaults-mode-browser@4.0.8": {
      "integrity": "sha512-ZTypzBra+lI/LfTYZeop9UjoJhhGRTg3pxrNpfSTQLd3AJ37r2z4AXTKpq1rFXiiUIJsYyFgNJdjWRGP/cbBaQ==",
      "dependencies": [
        "@smithy/property-provider",
        "@smithy/smithy-client",
        "@smithy/types",
        "bowser",
        "tslib"
      ]
    },
    "@smithy/util-defaults-mode-node@4.0.8": {
      "integrity": "sha512-Rgk0Jc/UDfRTzVthye/k2dDsz5Xxs9LZaKCNPgJTRyoyBoeiNCnHsYGOyu1PKN+sDyPnJzMOz22JbwxzBp9NNA==",
      "dependencies": [
        "@smithy/config-resolver",
        "@smithy/credential-provider-imds",
        "@smithy/node-config-provider",
        "@smithy/property-provider",
        "@smithy/smithy-client",
        "@smithy/types",
        "tslib"
      ]
    },
    "@smithy/util-endpoints@3.0.2": {
      "integrity": "sha512-6QSutU5ZyrpNbnd51zRTL7goojlcnuOB55+F9VBD+j8JpRY50IGamsjlycrmpn8PQkmJucFW8A0LSfXj7jjtLQ==",
      "dependencies": [
        "@smithy/node-config-provider",
        "@smithy/types",
        "tslib"
      ]
    },
    "@smithy/util-hex-encoding@4.0.0": {
      "integrity": "sha512-Yk5mLhHtfIgW2W2WQZWSg5kuMZCVbvhFmC7rV4IO2QqnZdbEFPmQnCcGMAX2z/8Qj3B9hYYNjZOhWym+RwhePw==",
      "dependencies": [
        "tslib"
      ]
    },
    "@smithy/util-middleware@4.0.2": {
      "integrity": "sha512-6GDamTGLuBQVAEuQ4yDQ+ti/YINf/MEmIegrEeg7DdB/sld8BX1lqt9RRuIcABOhAGTA50bRbPzErez7SlDtDQ==",
      "dependencies": [
        "@smithy/types",
        "tslib"
      ]
    },
    "@smithy/util-retry@4.0.2": {
      "integrity": "sha512-Qryc+QG+7BCpvjloFLQrmlSd0RsVRHejRXd78jNO3+oREueCjwG1CCEH1vduw/ZkM1U9TztwIKVIi3+8MJScGg==",
      "dependencies": [
        "@smithy/service-error-classification",
        "@smithy/types",
        "tslib"
      ]
    },
    "@smithy/util-stream@4.2.0": {
      "integrity": "sha512-Vj1TtwWnuWqdgQI6YTUF5hQ/0jmFiOYsc51CSMgj7QfyO+RF4EnT2HNjoviNlOOmgzgvf3f5yno+EiC4vrnaWQ==",
      "dependencies": [
        "@smithy/fetch-http-handler",
        "@smithy/node-http-handler",
        "@smithy/types",
        "@smithy/util-base64",
        "@smithy/util-buffer-from@4.0.0",
        "@smithy/util-hex-encoding",
        "@smithy/util-utf8@4.0.0",
        "tslib"
      ]
    },
    "@smithy/util-uri-escape@4.0.0": {
      "integrity": "sha512-77yfbCbQMtgtTylO9itEAdpPXSog3ZxMe09AEhm0dU0NLTalV70ghDZFR+Nfi1C60jnJoh/Re4090/DuZh2Omg==",
      "dependencies": [
        "tslib"
      ]
    },
    "@smithy/util-utf8@2.3.0": {
      "integrity": "sha512-R8Rdn8Hy72KKcebgLiv8jQcQkXoLMOGGv5uI1/k0l+snqkOzQ1R0ChUBCxWMlBsFMekWjq0wRudIweFs7sKT5A==",
      "dependencies": [
        "@smithy/util-buffer-from@2.2.0",
        "tslib"
      ]
    },
    "@smithy/util-utf8@4.0.0": {
      "integrity": "sha512-b+zebfKCfRdgNJDknHCob3O7FpeYQN6ZG6YLExMcasDHsCXlsXCEuiPZeLnJLpwa5dvPetGlnGCiMHuLwGvFow==",
      "dependencies": [
        "@smithy/util-buffer-from@4.0.0",
        "tslib"
      ]
    },
    "@smithy/util-waiter@4.0.3": {
      "integrity": "sha512-JtaY3FxmD+te+KSI2FJuEcfNC9T/DGGVf551babM7fAaXhjJUt7oSYurH1Devxd2+BOSUACCgt3buinx4UnmEA==",
      "dependencies": [
        "@smithy/abort-controller",
        "@smithy/types",
        "tslib"
      ]
    },
    "@supabase/auth-js@2.68.0": {
      "integrity": "sha512-odG7nb7aOmZPUXk6SwL2JchSsn36Ppx11i2yWMIc/meUO2B2HK9YwZHPK06utD9Ql9ke7JKDbwGin/8prHKxxQ==",
      "dependencies": [
        "@supabase/node-fetch"
      ]
    },
    "@supabase/functions-js@2.4.4": {
      "integrity": "sha512-WL2p6r4AXNGwop7iwvul2BvOtuJ1YQy8EbOd0dhG1oN1q8el/BIRSFCFnWAMM/vJJlHWLi4ad22sKbKr9mvjoA==",
      "dependencies": [
        "@supabase/node-fetch"
      ]
    },
    "@supabase/node-fetch@2.6.15": {
      "integrity": "sha512-1ibVeYUacxWYi9i0cf5efil6adJ9WRyZBLivgjs+AUpewx1F3xPi7gLgaASI2SmIQxPoCEjAsLAzKPgMJVgOUQ==",
      "dependencies": [
        "whatwg-url"
      ]
    },
    "@supabase/postgrest-js@1.19.2": {
      "integrity": "sha512-MXRbk4wpwhWl9IN6rIY1mR8uZCCG4MZAEji942ve6nMwIqnBgBnZhZlON6zTTs6fgveMnoCILpZv1+K91jN+ow==",
      "dependencies": [
        "@supabase/node-fetch"
      ]
    },
    "@supabase/realtime-js@2.11.2": {
      "integrity": "sha512-u/XeuL2Y0QEhXSoIPZZwR6wMXgB+RQbJzG9VErA3VghVt7uRfSVsjeqd7m5GhX3JR6dM/WRmLbVR8URpDWG4+w==",
      "dependencies": [
        "@supabase/node-fetch",
        "@types/phoenix",
        "@types/ws",
        "ws"
      ]
    },
    "@supabase/storage-js@2.7.1": {
      "integrity": "sha512-asYHcyDR1fKqrMpytAS1zjyEfvxuOIp1CIXX7ji4lHHcJKqyk+sLl/Vxgm4sN6u8zvuUtae9e4kDxQP2qrwWBA==",
      "dependencies": [
        "@supabase/node-fetch"
      ]
    },
    "@supabase/supabase-js@2.49.1": {
      "integrity": "sha512-lKaptKQB5/juEF5+jzmBeZlz69MdHZuxf+0f50NwhL+IE//m4ZnOeWlsKRjjsM0fVayZiQKqLvYdBn0RLkhGiQ==",
      "dependencies": [
        "@supabase/auth-js",
        "@supabase/functions-js",
        "@supabase/node-fetch",
        "@supabase/postgrest-js",
        "@supabase/realtime-js",
        "@supabase/storage-js"
      ]
    },
    "@types/diff-match-patch@1.0.36": {
      "integrity": "sha512-xFdR6tkm0MWvBfO8xXCSsinYxHcqkQUlcHeSpMC2ukzOb6lwQAfDmW+Qt0AvlGd8HpsS28qKsB+oPeJn9I39jg=="
    },
    "@types/node@22.12.0": {
      "integrity": "sha512-Fll2FZ1riMjNmlmJOdAyY5pUbkftXslB5DgEzlIuNaiWhXd00FhWxVC/r4yV/4wBb9JfImTu+jiSvXTkJ7F/gA==",
      "dependencies": [
        "undici-types"
      ]
    },
    "@types/phoenix@1.6.6": {
      "integrity": "sha512-PIzZZlEppgrpoT2QgbnDU+MMzuR6BbCjllj0bM70lWoejMeNJAxCchxnv7J3XFkI8MpygtRpzXrIlmWUBclP5A=="
    },
    "@types/ws@8.18.1": {
      "integrity": "sha512-ThVF6DCVhA8kUGy+aazFQ4kXQ7E1Ty7A3ypFOe0IcJV8O/M511G99AW24irKrW56Wt44yG9+ij8FaqoBGkuBXg==",
      "dependencies": [
        "@types/node"
      ]
    },
    "ai@4.3.16_zod@3.24.3": {
      "integrity": "sha512-KUDwlThJ5tr2Vw0A1ZkbDKNME3wzWhuVfAOwIvFUzl1TPVDFAXDFTXio3p+jaKneB+dKNCvFFlolYmmgHttG1g==",
      "dependencies": [
        "@ai-sdk/provider",
        "@ai-sdk/provider-utils@2.2.8_zod@3.24.3",
        "@ai-sdk/react@1.2.12_react@19.1.0_zod@3.24.3",
        "@ai-sdk/ui-utils@1.2.11_zod@3.24.3",
        "@opentelemetry/api",
        "jsondiffpatch",
        "zod"
      ]
    },
    "ai@4.3.9_zod@3.24.3": {
      "integrity": "sha512-P2RpV65sWIPdUlA4f1pcJ11pB0N1YmqPVLEmC4j8WuBwKY0L3q9vGhYPh0Iv+spKHKyn0wUbMfas+7Z6nTfS0g==",
      "dependencies": [
        "@ai-sdk/provider",
        "@ai-sdk/provider-utils@2.2.7_zod@3.24.3",
        "@ai-sdk/react@1.2.9_react@19.1.0_zod@3.24.3",
        "@ai-sdk/ui-utils@1.2.8_zod@3.24.3",
        "@opentelemetry/api",
        "jsondiffpatch",
        "zod"
      ]
    },
    "bowser@2.11.0": {
      "integrity": "sha512-AlcaJBi/pqqJBIQ8U9Mcpc9i8Aqxn88Skv5d+xBX006BY5u8N3mGLHa5Lgppa7L/HfwgwLgZ6NYs+Ag6uUmJRA=="
    },
    "chalk@5.4.1": {
      "integrity": "sha512-zgVZuo2WcZgfUEmsn6eO3kINexW8RAE4maiQ8QNs8CtpPCSyMiYsULR3HQYkm3w8FIA3SberyMJMSldGsW+U3w=="
    },
    "dequal@2.0.3": {
      "integrity": "sha512-0je+qPKHEMohvfRTCEo3CrPG6cAzAYgmzKyxRiYSSDkS6eGJdyVJm7WaYA5ECaAD9wLB2T4EEeymA5aFVcYXCA=="
    },
    "diff-match-patch@1.0.5": {
      "integrity": "sha512-IayShXAgj/QMXgB0IWmKx+rOPuGMhqm5w6jvFxmVenXKIzRqTAAsbBPT3kWQeGANj3jGgvcvv4yK6SxqYmikgw=="
    },
    "fast-xml-parser@4.4.1": {
      "integrity": "sha512-xkjOecfnKGkSsOwtZ5Pz7Us/T6mrbPQrq0nh+aCO5V9nk5NLWmasAHumTKjiPJPWANe+kAZ84Jc8ooJkzZ88Sw==",
      "dependencies": [
        "strnum"
      ],
      "bin": true
    },
    "json-schema@0.4.0": {
      "integrity": "sha512-es94M3nTIfsEPisRafak+HDLfHXnKBhV3vU5eqPcS3flIWqcxJWgXHXiey3YrpaNsanY5ei1VoYEbOzijuq9BA=="
    },
    "jsondiffpatch@0.6.0": {
      "integrity": "sha512-3QItJOXp2AP1uv7waBkao5nCvhEv+QmJAd38Ybq7wNI74Q+BBmnLn4EDKz6yI9xGAIQoUF87qHt+kc1IVxB4zQ==",
      "dependencies": [
        "@types/diff-match-patch",
        "chalk",
        "diff-match-patch"
      ],
      "bin": true
    },
    "nanoid@3.3.11": {
      "integrity": "sha512-N8SpfPUnUp1bK+PMYW8qSWdl9U+wwNWI4QKxOYDy9JAro3WMX7p2OeVRF9v+347pnakNevPmiHhNmZ2HbFA76w==",
      "bin": true
    },
    "pocketflow@1.0.4": {
      "integrity": "sha512-Lr84KTLJ48MkpT2MFhy9wb3ZuHocOWxsj7/g1eKj6q4HplWI69S1WB7acrN9XwRBTN0dz3Nzy2zOAB/H2TPiFw=="
    },
    "react@19.1.0": {
      "integrity": "sha512-FS+XFBNvn3GTAWq26joslQgWNoFu08F4kl0J4CgdNKADkdSGXQyTCnKteIAJy96Br6YbpEU1LSzV5dYtjMkMDg=="
    },
    "secure-json-parse@2.7.0": {
      "integrity": "sha512-6aU+Rwsezw7VR8/nyvKTx8QpWH9FrcYiXXlqC4z5d5XQBDRqtbfsRjnwGyqbi3gddNtWHuEk9OANUotL26qKUw=="
    },
    "strnum@1.1.2": {
      "integrity": "sha512-vrN+B7DBIoTTZjnPNewwhx6cBA/H+IS7rfW68n7XxC1y7uoiGQBxaKzqucGUgavX15dJgiGztLJ8vxuEzwqBdA=="
    },
    "swr@2.3.3_react@19.1.0": {
      "integrity": "sha512-dshNvs3ExOqtZ6kJBaAsabhPdHyeY4P2cKwRCniDVifBMoG/SVI7tfLWqPXriVspf2Rg4tPzXJTnwaihIeFw2A==",
      "dependencies": [
        "dequal",
        "react",
        "use-sync-external-store"
      ]
    },
    "throttleit@2.1.0": {
      "integrity": "sha512-nt6AMGKW1p/70DF/hGBdJB57B8Tspmbp5gfJ8ilhLnt7kkr2ye7hzD6NVG8GGErk2HWF34igrL2CXmNIkzKqKw=="
    },
    "tr46@0.0.3": {
      "integrity": "sha512-N3WMsuqV66lT30CrXNbEjx4GEwlow3v6rr4mCcv6prnfwhS01rkgyFdjPNBYd9br7LpXV1+Emh01fHnq2Gdgrw=="
    },
    "tslib@2.8.1": {
      "integrity": "sha512-oJFu94HQb+KVduSUQL7wnpmqnfmLsOA/nAh6b6EH0wCEoK0/mPeXU6c3wKDV83MkOuHPRHtSXKKU99IBazS/2w=="
    },
    "undici-types@6.20.0": {
      "integrity": "sha512-Ny6QZ2Nju20vw1SRHe3d9jVu6gJ+4e3+MMpqu7pqE5HT6WsTSlce++GQmK5UXS8mzV8DSYHrQH+Xrf2jVcuKNg=="
    },
    "use-sync-external-store@1.5.0_react@19.1.0": {
      "integrity": "sha512-Rb46I4cGGVBmjamjphe8L/UnvJD+uPPtTkNvX5mZgqdbavhI4EbgIWJiIHXJ8bc/i9EQGPRh4DwEURJ552Do0A==",
      "dependencies": [
        "react"
      ]
    },
    "uuid@9.0.1": {
      "integrity": "sha512-b+1eJOlsR9K8HJpow9Ok3fiWOWSIcIzXodvv0rQjVoOVNpWMpxf1wZNpt4y9h10odCNrqnYp1OBzRktckBe3sA==",
      "bin": true
    },
    "webidl-conversions@3.0.1": {
      "integrity": "sha512-2JAn3z8AR6rjK8Sm8orRC0h/bcl/DqL7tRPdGZ4I1CjdF+EaMLmYxBHyXuKL849eucPFhvBoxMsflfOb8kxaeQ=="
    },
    "whatwg-url@5.0.0": {
      "integrity": "sha512-saE57nupxk6v3HY35+jzBwYa0rKSy0XR8JSxZPwgLr7ys0IBzhGviA1/TUGJLmSVqs8pb9AnvICXEuOHLprYTw==",
      "dependencies": [
        "tr46",
        "webidl-conversions"
      ]
    },
    "ws@8.18.1": {
      "integrity": "sha512-RKW2aJZMXeMxVpnZ6bck+RswznaxmzdULiBr6KY7XkTnW8uvt0iT9H5DkHUChXrc+uurzwa0rVI16n/Xzjdz1w=="
    },
    "zod-to-json-schema@3.24.5_zod@3.24.3": {
      "integrity": "sha512-/AuWwMP+YqiPbsJx5D6TfgRTc4kTLjsh5SOcd4bLsfUg2RcEXrFMJl1DGgdHy2aCfsIA/cr/1JM0xcB2GZji8g==",
      "dependencies": [
        "zod"
      ]
    },
    "zod@3.24.3": {
      "integrity": "sha512-HhY1oqzWCQWuUqvBFnsyrtZRhyPeR7SUGv+C4+MsisMuVfSPx8HpwWqH8tRahSlt6M3PiFAcoeFhZAqIXTxoSg=="
    }
  }
}
